
Microsoft Visual Studio Solution File, Format Version 12.00
# Visual Studio Version 17
VisualStudioVersion = 17.2.32505.173
MinimumVisualStudioVersion = 10.0.40219.1
Project("{FAE04EC0-301F-11D3-BF4B-00C04F79EFBC}") = "Spotify", "Spotify\Spotify.csproj", "{D4AAEDA2-CD28-4A04-9927-A301EB7DCD66}"
EndProject
Project("{FAE04EC0-301F-11D3-BF4B-00C04F79EFBC}") = "Spotify.Data", "Spotify.Data\Spotify.Data.csproj", "{B02C3022-47B1-4371-BF1B-13575BCA14D8}"
EndProject
Project("{FAE04EC0-301F-11D3-BF4B-00C04F79EFBC}") = "Spotify.Persistence", "Spotify.Persistence\Spotify.Persistence.csproj", "{65484B1B-E685-49E5-ABBA-CF242F4EE4F5}"
EndProject
Global
	GlobalSection(SolutionConfigurationPlatforms) = preSolution
		Debug|Any CPU = Debug|Any CPU
		Release|Any CPU = Release|Any CPU
	EndGlobalSection
	GlobalSection(ProjectConfigurationPlatforms) = postSolution
		{D4AAEDA2-CD28-4A04-9927-A301EB7DCD66}.Debug|Any CPU.ActiveCfg = Debug|Any CPU
		{D4AAEDA2-CD28-4A04-9927-A301EB7DCD66}.Debug|Any CPU.Build.0 = Debug|Any CPU
		{D4AAEDA2-CD28-4A04-9927-A301EB7DCD66}.Release|Any CPU.ActiveCfg = Release|Any CPU
		{D4AAEDA2-CD28-4A04-9927-A301EB7DCD66}.Release|Any CPU.Build.0 = Release|Any CPU
		{B02C3022-47B1-4371-BF1B-13575BCA14D8}.Debug|Any CPU.ActiveCfg = Debug|Any CPU
		{B02C3022-47B1-4371-BF1B-13575BCA14D8}.Debug|Any CPU.Build.0 = Debug|Any CPU
		{B02C3022-47B1-4371-BF1B-13575BCA14D8}.Release|Any CPU.ActiveCfg = Release|Any CPU
		{B02C3022-47B1-4371-BF1B-13575BCA14D8}.Release|Any CPU.Build.0 = Release|Any CPU
		{65484B1B-E685-49E5-ABBA-CF242F4EE4F5}.Debug|Any CPU.ActiveCfg = Debug|Any CPU
		{65484B1B-E685-49E5-ABBA-CF242F4EE4F5}.Debug|Any CPU.Build.0 = Debug|Any CPU
		{65484B1B-E685-49E5-ABBA-CF242F4EE4F5}.Release|Any CPU.ActiveCfg = Release|Any CPU
		{65484B1B-E685-49E5-ABBA-CF242F4EE4F5}.Release|Any CPU.Build.0 = Release|Any CPU
	EndGlobalSection
	GlobalSection(SolutionProperties) = preSolution
		HideSolutionNode = FALSE
	EndGlobalSection
	GlobalSection(ExtensibilityGlobals) = postSolution
		SolutionGuid = {DD10BED4-2E93-4B9B-A23D-55B603303990}
	EndGlobalSection
EndGlobal
